
Microsoft Visual Studio Solution File, Format Version 12.00
# Visual Studio Version 17
VisualStudioVersion = 17.7.34024.191
MinimumVisualStudioVersion = 10.0.40219.1
Project("{9A19103F-16F7-4668-BE54-9A1E7A4F7556}") = "DataAccess", "DataAccess\DataAccess.csproj", "{8EE22454-BA1E-4430-A1BE-19EBB5A3D58B}"
EndProject
Project("{9A19103F-16F7-4668-BE54-9A1E7A4F7556}") = "Business", "Business\Business.csproj", "{A9898C97-88BB-4246-AC8D-F2E977DF1C50}"
EndProject
Project("{9A19103F-16F7-4668-BE54-9A1E7A4F7556}") = "Entities", "Entities\Entities.csproj", "{FE8C7797-EE3A-4A40-B4D6-67424D6E1A47}"
EndProject
Project("{9A19103F-16F7-4668-BE54-9A1E7A4F7556}") = "ConsoleUI", "ConsoleUI\ConsoleUI.csproj", "{4B7A3604-A340-4082-821C-472EF83FB7C5}"
EndProject
Project("{9A19103F-16F7-4668-BE54-9A1E7A4F7556}") = "Core", "Core\Core.csproj", "{9BC0CE52-0D8D-46C3-BB48-2E17DDA2B3F4}"
EndProject
Project("{FAE04EC0-301F-11D3-BF4B-00C04F79EFBC}") = "WebAPI", "WebAPI\WebAPI.csproj", "{BB9529EF-C7B2-4618-8FCA-18BB083EDB4A}"
EndProject
Global
	GlobalSection(SolutionConfigurationPlatforms) = preSolution
		Debug|Any CPU = Debug|Any CPU
		Release|Any CPU = Release|Any CPU
	EndGlobalSection
	GlobalSection(ProjectConfigurationPlatforms) = postSolution
		{8EE22454-BA1E-4430-A1BE-19EBB5A3D58B}.Debug|Any CPU.ActiveCfg = Debug|Any CPU
		{8EE22454-BA1E-4430-A1BE-19EBB5A3D58B}.Debug|Any CPU.Build.0 = Debug|Any CPU
		{8EE22454-BA1E-4430-A1BE-19EBB5A3D58B}.Release|Any CPU.ActiveCfg = Release|Any CPU
		{8EE22454-BA1E-4430-A1BE-19EBB5A3D58B}.Release|Any CPU.Build.0 = Release|Any CPU
		{A9898C97-88BB-4246-AC8D-F2E977DF1C50}.Debug|Any CPU.ActiveCfg = Debug|Any CPU
		{A9898C97-88BB-4246-AC8D-F2E977DF1C50}.Debug|Any CPU.Build.0 = Debug|Any CPU
		{A9898C97-88BB-4246-AC8D-F2E977DF1C50}.Release|Any CPU.ActiveCfg = Release|Any CPU
		{A9898C97-88BB-4246-AC8D-F2E977DF1C50}.Release|Any CPU.Build.0 = Release|Any CPU
		{FE8C7797-EE3A-4A40-B4D6-67424D6E1A47}.Debug|Any CPU.ActiveCfg = Debug|Any CPU
		{FE8C7797-EE3A-4A40-B4D6-67424D6E1A47}.Debug|Any CPU.Build.0 = Debug|Any CPU
		{FE8C7797-EE3A-4A40-B4D6-67424D6E1A47}.Release|Any CPU.ActiveCfg = Release|Any CPU
		{FE8C7797-EE3A-4A40-B4D6-67424D6E1A47}.Release|Any CPU.Build.0 = Release|Any CPU
		{4B7A3604-A340-4082-821C-472EF83FB7C5}.Debug|Any CPU.ActiveCfg = Debug|Any CPU
		{4B7A3604-A340-4082-821C-472EF83FB7C5}.Debug|Any CPU.Build.0 = Debug|Any CPU
		{4B7A3604-A340-4082-821C-472EF83FB7C5}.Release|Any CPU.ActiveCfg = Release|Any CPU
		{4B7A3604-A340-4082-821C-472EF83FB7C5}.Release|Any CPU.Build.0 = Release|Any CPU
		{9BC0CE52-0D8D-46C3-BB48-2E17DDA2B3F4}.Debug|Any CPU.ActiveCfg = Debug|Any CPU
		{9BC0CE52-0D8D-46C3-BB48-2E17DDA2B3F4}.Debug|Any CPU.Build.0 = Debug|Any CPU
		{9BC0CE52-0D8D-46C3-BB48-2E17DDA2B3F4}.Release|Any CPU.ActiveCfg = Release|Any CPU
		{9BC0CE52-0D8D-46C3-BB48-2E17DDA2B3F4}.Release|Any CPU.Build.0 = Release|Any CPU
		{BB9529EF-C7B2-4618-8FCA-18BB083EDB4A}.Debug|Any CPU.ActiveCfg = Debug|Any CPU
		{BB9529EF-C7B2-4618-8FCA-18BB083EDB4A}.Debug|Any CPU.Build.0 = Debug|Any CPU
		{BB9529EF-C7B2-4618-8FCA-18BB083EDB4A}.Release|Any CPU.ActiveCfg = Release|Any CPU
		{BB9529EF-C7B2-4618-8FCA-18BB083EDB4A}.Release|Any CPU.Build.0 = Release|Any CPU
	EndGlobalSection
	GlobalSection(SolutionProperties) = preSolution
		HideSolutionNode = FALSE
	EndGlobalSection
	GlobalSection(ExtensibilityGlobals) = postSolution
		SolutionGuid = {3DD9A3C1-947B-4F1E-9861-1349B4A74ADE}
	EndGlobalSection
EndGlobal
